
Microsoft Visual Studio Solution File, Format Version 12.00
# Visual Studio Version 17
VisualStudioVersion = 17.5.002.0
MinimumVisualStudioVersion = 10.0.40219.1
Project("{9A19103F-16F7-4668-BE54-9A1E7A4F7556}") = "OOP Project", "OOP Project.csproj", "{A386CFF4-EDA3-4EEE-8F61-C2AC3C229EA3}"
EndProject
Global
	GlobalSection(SolutionConfigurationPlatforms) = preSolution
		Debug|Any CPU = Debug|Any CPU
		Release|Any CPU = Release|Any CPU
	EndGlobalSection
	GlobalSection(ProjectConfigurationPlatforms) = postSolution
		{A386CFF4-EDA3-4EEE-8F61-C2AC3C229EA3}.Debug|Any CPU.ActiveCfg = Debug|Any CPU
		{A386CFF4-EDA3-4EEE-8F61-C2AC3C229EA3}.Debug|Any CPU.Build.0 = Debug|Any CPU
		{A386CFF4-EDA3-4EEE-8F61-C2AC3C229EA3}.Release|Any CPU.ActiveCfg = Release|Any CPU
		{A386CFF4-EDA3-4EEE-8F61-C2AC3C229EA3}.Release|Any CPU.Build.0 = Release|Any CPU
	EndGlobalSection
	GlobalSection(SolutionProperties) = preSolution
		HideSolutionNode = FALSE
	EndGlobalSection
	GlobalSection(ExtensibilityGlobals) = postSolution
		SolutionGuid = {2E781DA1-0395-4F87-AF57-89EFEC08A66F}
	EndGlobalSection
EndGlobal
